
Microsoft Visual Studio Solution File, Format Version 12.00
# Visual Studio Version 17
VisualStudioVersion = 17.8.34525.116
MinimumVisualStudioVersion = 10.0.40219.1
Project("{8BC9CEB8-8B4A-11D0-8D11-00A0C91BC942}") = "opengl_lab_3", "opengl_lab_3\opengl_lab_3.vcxproj", "{54ABFB5A-5BE3-4B60-A9DF-7938B8D35D4F}"
EndProject
Global
	GlobalSection(SolutionConfigurationPlatforms) = preSolution
		Debug|x64 = Debug|x64
		Debug|x86 = Debug|x86
		Release|x64 = Release|x64
		Release|x86 = Release|x86
	EndGlobalSection
	GlobalSection(ProjectConfigurationPlatforms) = postSolution
		{54ABFB5A-5BE3-4B60-A9DF-7938B8D35D4F}.Debug|x64.ActiveCfg = Debug|x64
		{54ABFB5A-5BE3-4B60-A9DF-7938B8D35D4F}.Debug|x64.Build.0 = Debug|x64
		{54ABFB5A-5BE3-4B60-A9DF-7938B8D35D4F}.Debug|x86.ActiveCfg = Debug|Win32
		{54ABFB5A-5BE3-4B60-A9DF-7938B8D35D4F}.Debug|x86.Build.0 = Debug|Win32
		{54ABFB5A-5BE3-4B60-A9DF-7938B8D35D4F}.Release|x64.ActiveCfg = Release|x64
		{54ABFB5A-5BE3-4B60-A9DF-7938B8D35D4F}.Release|x64.Build.0 = Release|x64
		{54ABFB5A-5BE3-4B60-A9DF-7938B8D35D4F}.Release|x86.ActiveCfg = Release|Win32
		{54ABFB5A-5BE3-4B60-A9DF-7938B8D35D4F}.Release|x86.Build.0 = Release|Win32
	EndGlobalSection
	GlobalSection(SolutionProperties) = preSolution
		HideSolutionNode = FALSE
	EndGlobalSection
	GlobalSection(ExtensibilityGlobals) = postSolution
		SolutionGuid = {4C9B711C-DA9E-4118-82AD-CD0229643830}
	EndGlobalSection
EndGlobal
